
Microsoft Visual Studio Solution File, Format Version 12.00
# Visual Studio Version 16
VisualStudioVersion = 16.0.29025.244
MinimumVisualStudioVersion = 10.0.40219.1
Project("{9A19103F-16F7-4668-BE54-9A1E7A4F7556}") = "TavernNoticeBoard", "TavernNoticeBoard\TavernNoticeBoard.csproj", "{094A6BA5-5043-467C-A44F-1226FA6FCC39}"
EndProject
Project("{00D1A9C2-B5F0-4AF3-8072-F6C62B433612}") = "Database", "Database\Database.sqlproj", "{8405141F-0ABD-4B68-94B2-B9577BCDDD4A}"
EndProject
Project("{9A19103F-16F7-4668-BE54-9A1E7A4F7556}") = "DataModel", "DataModel\DataModel.csproj", "{AA11B70B-E157-4212-B046-DDC933EC90E9}"
EndProject
Project("{9A19103F-16F7-4668-BE54-9A1E7A4F7556}") = "Infrastructure", "Infrastructure\Infrastructure.csproj", "{4C1DF877-26A5-4C7E-880D-8A055A7356D4}"
EndProject
Project("{9A19103F-16F7-4668-BE54-9A1E7A4F7556}") = "Core", "Core\Core.csproj", "{CC01E0D5-FE9E-4CA7-9EC8-F80FCC91FC35}"
EndProject
Project("{9A19103F-16F7-4668-BE54-9A1E7A4F7556}") = "NoticeBoard", "NoticeBoard\NoticeBoard.csproj", "{ABD3CD86-44AB-4558-BE85-FEA05679F486}"
EndProject
Project("{FAE04EC0-301F-11D3-BF4B-00C04F79EFBC}") = "BusinessLogic", "BusinessLogic\BusinessLogic.csproj", "{9C7A3378-62D6-46CF-8D31-58654C93850F}"
EndProject
Global
	GlobalSection(SolutionConfigurationPlatforms) = preSolution
		Debug|Any CPU = Debug|Any CPU
		Release|Any CPU = Release|Any CPU
	EndGlobalSection
	GlobalSection(ProjectConfigurationPlatforms) = postSolution
		{094A6BA5-5043-467C-A44F-1226FA6FCC39}.Debug|Any CPU.ActiveCfg = Debug|Any CPU
		{094A6BA5-5043-467C-A44F-1226FA6FCC39}.Debug|Any CPU.Build.0 = Debug|Any CPU
		{094A6BA5-5043-467C-A44F-1226FA6FCC39}.Release|Any CPU.ActiveCfg = Release|Any CPU
		{094A6BA5-5043-467C-A44F-1226FA6FCC39}.Release|Any CPU.Build.0 = Release|Any CPU
		{8405141F-0ABD-4B68-94B2-B9577BCDDD4A}.Debug|Any CPU.ActiveCfg = Debug|Any CPU
		{8405141F-0ABD-4B68-94B2-B9577BCDDD4A}.Debug|Any CPU.Build.0 = Debug|Any CPU
		{8405141F-0ABD-4B68-94B2-B9577BCDDD4A}.Debug|Any CPU.Deploy.0 = Debug|Any CPU
		{8405141F-0ABD-4B68-94B2-B9577BCDDD4A}.Release|Any CPU.ActiveCfg = Release|Any CPU
		{8405141F-0ABD-4B68-94B2-B9577BCDDD4A}.Release|Any CPU.Build.0 = Release|Any CPU
		{8405141F-0ABD-4B68-94B2-B9577BCDDD4A}.Release|Any CPU.Deploy.0 = Release|Any CPU
		{AA11B70B-E157-4212-B046-DDC933EC90E9}.Debug|Any CPU.ActiveCfg = Debug|Any CPU
		{AA11B70B-E157-4212-B046-DDC933EC90E9}.Debug|Any CPU.Build.0 = Debug|Any CPU
		{AA11B70B-E157-4212-B046-DDC933EC90E9}.Release|Any CPU.ActiveCfg = Release|Any CPU
		{AA11B70B-E157-4212-B046-DDC933EC90E9}.Release|Any CPU.Build.0 = Release|Any CPU
		{4C1DF877-26A5-4C7E-880D-8A055A7356D4}.Debug|Any CPU.ActiveCfg = Debug|Any CPU
		{4C1DF877-26A5-4C7E-880D-8A055A7356D4}.Debug|Any CPU.Build.0 = Debug|Any CPU
		{4C1DF877-26A5-4C7E-880D-8A055A7356D4}.Release|Any CPU.ActiveCfg = Release|Any CPU
		{4C1DF877-26A5-4C7E-880D-8A055A7356D4}.Release|Any CPU.Build.0 = Release|Any CPU
		{CC01E0D5-FE9E-4CA7-9EC8-F80FCC91FC35}.Debug|Any CPU.ActiveCfg = Debug|Any CPU
		{CC01E0D5-FE9E-4CA7-9EC8-F80FCC91FC35}.Debug|Any CPU.Build.0 = Debug|Any CPU
		{CC01E0D5-FE9E-4CA7-9EC8-F80FCC91FC35}.Release|Any CPU.ActiveCfg = Release|Any CPU
		{CC01E0D5-FE9E-4CA7-9EC8-F80FCC91FC35}.Release|Any CPU.Build.0 = Release|Any CPU
		{ABD3CD86-44AB-4558-BE85-FEA05679F486}.Debug|Any CPU.ActiveCfg = Debug|Any CPU
		{ABD3CD86-44AB-4558-BE85-FEA05679F486}.Debug|Any CPU.Build.0 = Debug|Any CPU
		{ABD3CD86-44AB-4558-BE85-FEA05679F486}.Release|Any CPU.ActiveCfg = Release|Any CPU
		{ABD3CD86-44AB-4558-BE85-FEA05679F486}.Release|Any CPU.Build.0 = Release|Any CPU
		{9C7A3378-62D6-46CF-8D31-58654C93850F}.Debug|Any CPU.ActiveCfg = Debug|Any CPU
		{9C7A3378-62D6-46CF-8D31-58654C93850F}.Debug|Any CPU.Build.0 = Debug|Any CPU
		{9C7A3378-62D6-46CF-8D31-58654C93850F}.Release|Any CPU.ActiveCfg = Release|Any CPU
		{9C7A3378-62D6-46CF-8D31-58654C93850F}.Release|Any CPU.Build.0 = Release|Any CPU
	EndGlobalSection
	GlobalSection(SolutionProperties) = preSolution
		HideSolutionNode = FALSE
	EndGlobalSection
	GlobalSection(ExtensibilityGlobals) = postSolution
		SolutionGuid = {AF8F9985-9C1D-441A-ABDA-A7B092BC3836}
	EndGlobalSection
EndGlobal
